
Microsoft Visual Studio Solution File, Format Version 12.00
Project("{FAE04EC0-301F-11D3-BF4B-00C04F79EFBC}") = "Dev.InWindowDialogs", "Dev.InWindowDialogs\Dev.InWindowDialogs.csproj", "{3DDB94DA-3DEF-4F8C-A9D7-0016920D825A}"
EndProject
Project("{2150E333-8FDC-42A3-9474-1A3956D46DE8}") = "src", "src", "{A78FAA96-E260-40C5-B7E7-46B6C3ECC555}"
EndProject
Project("{2150E333-8FDC-42A3-9474-1A3956D46DE8}") = "tests", "tests", "{C0E9EEFD-42ED-4B64-A583-D3A74A1AB421}"
EndProject
Project("{FAE04EC0-301F-11D3-BF4B-00C04F79EFBC}") = "Dev.AsyncDialog", "Dev.AsyncDialog\Dev.AsyncDialog.csproj", "{990829F9-5797-4765-B2CA-B3CFE72CFF89}"
EndProject
Project("{FAE04EC0-301F-11D3-BF4B-00C04F79EFBC}") = "Dev.EventDialog", "Dev.EventDialog\Dev.EventDialog.csproj", "{D1C0EFC2-58BB-4F77-82BC-02C1113C52A5}"
EndProject
Project("{FAE04EC0-301F-11D3-BF4B-00C04F79EFBC}") = "Dev.ThreadEventDialog", "Dev.ThreadEventDialog\Dev.ThreadEventDialog.csproj", "{AD9388D8-BEFC-49B3-991F-035B77D51E79}"
EndProject
Project("{FAE04EC0-301F-11D3-BF4B-00C04F79EFBC}") = "Dev.MediatorDialog", "Dev.MediatorDialog\Dev.MediatorDialog.csproj", "{1651958D-F7F1-4F7B-872D-9DD26632E402}"
EndProject
Global
	GlobalSection(SolutionConfigurationPlatforms) = preSolution
		Debug|Any CPU = Debug|Any CPU
		Release|Any CPU = Release|Any CPU
	EndGlobalSection
	GlobalSection(ProjectConfigurationPlatforms) = postSolution
		{3DDB94DA-3DEF-4F8C-A9D7-0016920D825A}.Debug|Any CPU.ActiveCfg = Debug|Any CPU
		{3DDB94DA-3DEF-4F8C-A9D7-0016920D825A}.Debug|Any CPU.Build.0 = Debug|Any CPU
		{3DDB94DA-3DEF-4F8C-A9D7-0016920D825A}.Release|Any CPU.ActiveCfg = Release|Any CPU
		{3DDB94DA-3DEF-4F8C-A9D7-0016920D825A}.Release|Any CPU.Build.0 = Release|Any CPU
		{990829F9-5797-4765-B2CA-B3CFE72CFF89}.Debug|Any CPU.ActiveCfg = Debug|Any CPU
		{990829F9-5797-4765-B2CA-B3CFE72CFF89}.Debug|Any CPU.Build.0 = Debug|Any CPU
		{990829F9-5797-4765-B2CA-B3CFE72CFF89}.Release|Any CPU.ActiveCfg = Release|Any CPU
		{990829F9-5797-4765-B2CA-B3CFE72CFF89}.Release|Any CPU.Build.0 = Release|Any CPU
		{D1C0EFC2-58BB-4F77-82BC-02C1113C52A5}.Debug|Any CPU.ActiveCfg = Debug|Any CPU
		{D1C0EFC2-58BB-4F77-82BC-02C1113C52A5}.Debug|Any CPU.Build.0 = Debug|Any CPU
		{D1C0EFC2-58BB-4F77-82BC-02C1113C52A5}.Release|Any CPU.ActiveCfg = Release|Any CPU
		{D1C0EFC2-58BB-4F77-82BC-02C1113C52A5}.Release|Any CPU.Build.0 = Release|Any CPU
		{AD9388D8-BEFC-49B3-991F-035B77D51E79}.Debug|Any CPU.ActiveCfg = Debug|Any CPU
		{AD9388D8-BEFC-49B3-991F-035B77D51E79}.Debug|Any CPU.Build.0 = Debug|Any CPU
		{AD9388D8-BEFC-49B3-991F-035B77D51E79}.Release|Any CPU.ActiveCfg = Release|Any CPU
		{AD9388D8-BEFC-49B3-991F-035B77D51E79}.Release|Any CPU.Build.0 = Release|Any CPU
		{1651958D-F7F1-4F7B-872D-9DD26632E402}.Debug|Any CPU.ActiveCfg = Debug|Any CPU
		{1651958D-F7F1-4F7B-872D-9DD26632E402}.Debug|Any CPU.Build.0 = Debug|Any CPU
		{1651958D-F7F1-4F7B-872D-9DD26632E402}.Release|Any CPU.ActiveCfg = Release|Any CPU
		{1651958D-F7F1-4F7B-872D-9DD26632E402}.Release|Any CPU.Build.0 = Release|Any CPU
	EndGlobalSection
	GlobalSection(NestedProjects) = preSolution
		{3DDB94DA-3DEF-4F8C-A9D7-0016920D825A} = {A78FAA96-E260-40C5-B7E7-46B6C3ECC555}
		{990829F9-5797-4765-B2CA-B3CFE72CFF89} = {A78FAA96-E260-40C5-B7E7-46B6C3ECC555}
		{D1C0EFC2-58BB-4F77-82BC-02C1113C52A5} = {A78FAA96-E260-40C5-B7E7-46B6C3ECC555}
		{AD9388D8-BEFC-49B3-991F-035B77D51E79} = {A78FAA96-E260-40C5-B7E7-46B6C3ECC555}
		{1651958D-F7F1-4F7B-872D-9DD26632E402} = {A78FAA96-E260-40C5-B7E7-46B6C3ECC555}
	EndGlobalSection
EndGlobal
